
Microsoft Visual Studio Solution File, Format Version 12.00
# Visual Studio Version 17
VisualStudioVersion = 17.6.33723.286
MinimumVisualStudioVersion = 10.0.40219.1
Project("{2150E333-8FDC-42A3-9474-1A3956D46DE8}") = "1.Presentation", "1.Presentation", "{88EB017C-C953-4EC9-AAB3-819925693F95}"
EndProject
Project("{2150E333-8FDC-42A3-9474-1A3956D46DE8}") = "2.Business", "2.Business", "{464D2C53-0ACA-4A35-88E8-3B69C5494094}"
EndProject
Project("{2150E333-8FDC-42A3-9474-1A3956D46DE8}") = "3.Infrastructure", "3.Infrastructure", "{0B394BF7-0BD2-48D4-9022-0ED82629917A}"
EndProject
Project("{2150E333-8FDC-42A3-9474-1A3956D46DE8}") = "4.Transversal", "4.Transversal", "{E3A44412-BED6-48C4-875E-5ECA1952CE80}"
EndProject
Project("{FAE04EC0-301F-11D3-BF4B-00C04F79EFBC}") = "VuelingFileManager.Presentation.Form", "VuelingFileManager.Presentation.Forms\VuelingFileManager.Presentation.Form.csproj", "{B12ABDF4-224F-48FE-8AA2-B4D4A72B3E76}"
EndProject
Project("{FAE04EC0-301F-11D3-BF4B-00C04F79EFBC}") = "VuelingFileManager.Business.Logic", "VuelingFileManager.Business.StudentManager\VuelingFileManager.Business.Logic.csproj", "{A88DA5FA-F637-4367-AFA3-850C59DE4743}"
EndProject
Project("{FAE04EC0-301F-11D3-BF4B-00C04F79EFBC}") = "VuelingFileManager.Infrastructure.DataManager", "VuelingFileManager.Infrastructure.DataManager\VuelingFileManager.Infrastructure.DataManager.csproj", "{FA24F09E-47C1-478C-8D97-F81B17619F88}"
EndProject
Project("{FAE04EC0-301F-11D3-BF4B-00C04F79EFBC}") = "VuelingFileManager.Transversal.Utilities", "VuelingFileManager.Transversal.Utilities\VuelingFileManager.Transversal.Utilities.csproj", "{15A1CC66-4EB9-4AEE-99B8-B1D9ED041342}"
EndProject
Global
	GlobalSection(SolutionConfigurationPlatforms) = preSolution
		Debug|Any CPU = Debug|Any CPU
		Release|Any CPU = Release|Any CPU
	EndGlobalSection
	GlobalSection(ProjectConfigurationPlatforms) = postSolution
		{B12ABDF4-224F-48FE-8AA2-B4D4A72B3E76}.Debug|Any CPU.ActiveCfg = Debug|Any CPU
		{B12ABDF4-224F-48FE-8AA2-B4D4A72B3E76}.Debug|Any CPU.Build.0 = Debug|Any CPU
		{B12ABDF4-224F-48FE-8AA2-B4D4A72B3E76}.Release|Any CPU.ActiveCfg = Release|Any CPU
		{B12ABDF4-224F-48FE-8AA2-B4D4A72B3E76}.Release|Any CPU.Build.0 = Release|Any CPU
		{A88DA5FA-F637-4367-AFA3-850C59DE4743}.Debug|Any CPU.ActiveCfg = Debug|Any CPU
		{A88DA5FA-F637-4367-AFA3-850C59DE4743}.Debug|Any CPU.Build.0 = Debug|Any CPU
		{A88DA5FA-F637-4367-AFA3-850C59DE4743}.Release|Any CPU.ActiveCfg = Release|Any CPU
		{A88DA5FA-F637-4367-AFA3-850C59DE4743}.Release|Any CPU.Build.0 = Release|Any CPU
		{FA24F09E-47C1-478C-8D97-F81B17619F88}.Debug|Any CPU.ActiveCfg = Debug|Any CPU
		{FA24F09E-47C1-478C-8D97-F81B17619F88}.Debug|Any CPU.Build.0 = Debug|Any CPU
		{FA24F09E-47C1-478C-8D97-F81B17619F88}.Release|Any CPU.ActiveCfg = Release|Any CPU
		{FA24F09E-47C1-478C-8D97-F81B17619F88}.Release|Any CPU.Build.0 = Release|Any CPU
		{15A1CC66-4EB9-4AEE-99B8-B1D9ED041342}.Debug|Any CPU.ActiveCfg = Debug|Any CPU
		{15A1CC66-4EB9-4AEE-99B8-B1D9ED041342}.Debug|Any CPU.Build.0 = Debug|Any CPU
		{15A1CC66-4EB9-4AEE-99B8-B1D9ED041342}.Release|Any CPU.ActiveCfg = Release|Any CPU
		{15A1CC66-4EB9-4AEE-99B8-B1D9ED041342}.Release|Any CPU.Build.0 = Release|Any CPU
	EndGlobalSection
	GlobalSection(SolutionProperties) = preSolution
		HideSolutionNode = FALSE
	EndGlobalSection
	GlobalSection(NestedProjects) = preSolution
		{B12ABDF4-224F-48FE-8AA2-B4D4A72B3E76} = {88EB017C-C953-4EC9-AAB3-819925693F95}
		{A88DA5FA-F637-4367-AFA3-850C59DE4743} = {464D2C53-0ACA-4A35-88E8-3B69C5494094}
		{FA24F09E-47C1-478C-8D97-F81B17619F88} = {0B394BF7-0BD2-48D4-9022-0ED82629917A}
		{15A1CC66-4EB9-4AEE-99B8-B1D9ED041342} = {E3A44412-BED6-48C4-875E-5ECA1952CE80}
	EndGlobalSection
	GlobalSection(ExtensibilityGlobals) = postSolution
		SolutionGuid = {B778C835-BCC6-46B7-96F7-EC63EDB23B33}
	EndGlobalSection
EndGlobal
